
Microsoft Visual Studio Solution File, Format Version 12.00
# Visual Studio Version 17
VisualStudioVersion = 17.4.33103.184
MinimumVisualStudioVersion = 10.0.40219.1
Project("{9A19103F-16F7-4668-BE54-9A1E7A4F7556}") = "IndianStateCensusAnalyser", "IndianStateCensusAnalyser\IndianStateCensusAnalyser.csproj", "{8AFE573E-0E23-4DA3-A530-EC95750FC46E}"
EndProject
Project("{9A19103F-16F7-4668-BE54-9A1E7A4F7556}") = "CensusAnalyserTest", "CensusAnalyserTest\CensusAnalyserTest.csproj", "{B5C1010C-72EC-490D-B88F-4C52754320F5}"
EndProject
Global
	GlobalSection(SolutionConfigurationPlatforms) = preSolution
		Debug|Any CPU = Debug|Any CPU
		Release|Any CPU = Release|Any CPU
	EndGlobalSection
	GlobalSection(ProjectConfigurationPlatforms) = postSolution
		{8AFE573E-0E23-4DA3-A530-EC95750FC46E}.Debug|Any CPU.ActiveCfg = Debug|Any CPU
		{8AFE573E-0E23-4DA3-A530-EC95750FC46E}.Debug|Any CPU.Build.0 = Debug|Any CPU
		{8AFE573E-0E23-4DA3-A530-EC95750FC46E}.Release|Any CPU.ActiveCfg = Release|Any CPU
		{8AFE573E-0E23-4DA3-A530-EC95750FC46E}.Release|Any CPU.Build.0 = Release|Any CPU
		{B5C1010C-72EC-490D-B88F-4C52754320F5}.Debug|Any CPU.ActiveCfg = Debug|Any CPU
		{B5C1010C-72EC-490D-B88F-4C52754320F5}.Debug|Any CPU.Build.0 = Debug|Any CPU
		{B5C1010C-72EC-490D-B88F-4C52754320F5}.Release|Any CPU.ActiveCfg = Release|Any CPU
		{B5C1010C-72EC-490D-B88F-4C52754320F5}.Release|Any CPU.Build.0 = Release|Any CPU
	EndGlobalSection
	GlobalSection(SolutionProperties) = preSolution
		HideSolutionNode = FALSE
	EndGlobalSection
	GlobalSection(ExtensibilityGlobals) = postSolution
		SolutionGuid = {6E5E73CB-5900-42EF-AFD6-E34985063205}
	EndGlobalSection
EndGlobal
